
Microsoft Visual Studio Solution File, Format Version 12.00
# Visual Studio Version 17
VisualStudioVersion = 17.14.37027.9
MinimumVisualStudioVersion = 10.0.40219.1
Project("{FAE04EC0-301F-11D3-BF4B-00C04F79EFBC}") = "Domain", "src\Domain\Domain.csproj", "{89F48A94-BD7B-4A53-87B3-37E02FD5F2B1}"
EndProject
Project("{FAE04EC0-301F-11D3-BF4B-00C04F79EFBC}") = "Infra", "src\Infra\Infra.csproj", "{0632080C-2DB9-43CF-9BF8-EFE0BEA4C5E4}"
EndProject
Project("{FAE04EC0-301F-11D3-BF4B-00C04F79EFBC}") = "Application", "src\Application\Application.csproj", "{7306416F-88FD-4B8C-8F18-523A67EC3514}"
EndProject
Project("{FAE04EC0-301F-11D3-BF4B-00C04F79EFBC}") = "DomainTests", "tests\DomainTests\DomainTests.csproj", "{51C05D55-20DA-472F-AD7C-F6A5BDC7B87C}"
EndProject
Project("{2150E333-8FDC-42A3-9474-1A3956D46DE8}") = "Tests", "Tests", "{02EA681E-C7D8-13C7-8484-4AC65E1B71E8}"
EndProject
Project("{FAE04EC0-301F-11D3-BF4B-00C04F79EFBC}") = "Api", "src\Api\Api.csproj", "{9AD979EC-B372-415B-BF0D-F83DEE0A922D}"
EndProject
Project("{FAE04EC0-301F-11D3-BF4B-00C04F79EFBC}") = "ApplicationTests", "tests\ApplicationTests\ApplicationTests.csproj", "{5B1BB226-6971-4185-8E5B-8385F180FDAB}"
EndProject
Global
	GlobalSection(SolutionConfigurationPlatforms) = preSolution
		Debug|Any CPU = Debug|Any CPU
		Release|Any CPU = Release|Any CPU
	EndGlobalSection
	GlobalSection(ProjectConfigurationPlatforms) = postSolution
		{89F48A94-BD7B-4A53-87B3-37E02FD5F2B1}.Debug|Any CPU.ActiveCfg = Debug|Any CPU
		{89F48A94-BD7B-4A53-87B3-37E02FD5F2B1}.Debug|Any CPU.Build.0 = Debug|Any CPU
		{89F48A94-BD7B-4A53-87B3-37E02FD5F2B1}.Release|Any CPU.ActiveCfg = Release|Any CPU
		{89F48A94-BD7B-4A53-87B3-37E02FD5F2B1}.Release|Any CPU.Build.0 = Release|Any CPU
		{0632080C-2DB9-43CF-9BF8-EFE0BEA4C5E4}.Debug|Any CPU.ActiveCfg = Debug|Any CPU
		{0632080C-2DB9-43CF-9BF8-EFE0BEA4C5E4}.Debug|Any CPU.Build.0 = Debug|Any CPU
		{0632080C-2DB9-43CF-9BF8-EFE0BEA4C5E4}.Release|Any CPU.ActiveCfg = Release|Any CPU
		{0632080C-2DB9-43CF-9BF8-EFE0BEA4C5E4}.Release|Any CPU.Build.0 = Release|Any CPU
		{7306416F-88FD-4B8C-8F18-523A67EC3514}.Debug|Any CPU.ActiveCfg = Debug|Any CPU
		{7306416F-88FD-4B8C-8F18-523A67EC3514}.Debug|Any CPU.Build.0 = Debug|Any CPU
		{7306416F-88FD-4B8C-8F18-523A67EC3514}.Release|Any CPU.ActiveCfg = Release|Any CPU
		{7306416F-88FD-4B8C-8F18-523A67EC3514}.Release|Any CPU.Build.0 = Release|Any CPU
		{51C05D55-20DA-472F-AD7C-F6A5BDC7B87C}.Debug|Any CPU.ActiveCfg = Debug|Any CPU
		{51C05D55-20DA-472F-AD7C-F6A5BDC7B87C}.Debug|Any CPU.Build.0 = Debug|Any CPU
		{51C05D55-20DA-472F-AD7C-F6A5BDC7B87C}.Release|Any CPU.ActiveCfg = Release|Any CPU
		{51C05D55-20DA-472F-AD7C-F6A5BDC7B87C}.Release|Any CPU.Build.0 = Release|Any CPU
		{9AD979EC-B372-415B-BF0D-F83DEE0A922D}.Debug|Any CPU.ActiveCfg = Debug|Any CPU
		{9AD979EC-B372-415B-BF0D-F83DEE0A922D}.Debug|Any CPU.Build.0 = Debug|Any CPU
		{9AD979EC-B372-415B-BF0D-F83DEE0A922D}.Release|Any CPU.ActiveCfg = Release|Any CPU
		{9AD979EC-B372-415B-BF0D-F83DEE0A922D}.Release|Any CPU.Build.0 = Release|Any CPU
		{5B1BB226-6971-4185-8E5B-8385F180FDAB}.Debug|Any CPU.ActiveCfg = Debug|Any CPU
		{5B1BB226-6971-4185-8E5B-8385F180FDAB}.Debug|Any CPU.Build.0 = Debug|Any CPU
		{5B1BB226-6971-4185-8E5B-8385F180FDAB}.Release|Any CPU.ActiveCfg = Release|Any CPU
		{5B1BB226-6971-4185-8E5B-8385F180FDAB}.Release|Any CPU.Build.0 = Release|Any CPU
	EndGlobalSection
	GlobalSection(SolutionProperties) = preSolution
		HideSolutionNode = FALSE
	EndGlobalSection
	GlobalSection(NestedProjects) = preSolution
		{51C05D55-20DA-472F-AD7C-F6A5BDC7B87C} = {02EA681E-C7D8-13C7-8484-4AC65E1B71E8}
		{5B1BB226-6971-4185-8E5B-8385F180FDAB} = {02EA681E-C7D8-13C7-8484-4AC65E1B71E8}
	EndGlobalSection
	GlobalSection(ExtensibilityGlobals) = postSolution
		SolutionGuid = {AF170586-083B-46FB-A403-D0E100D3B86F}
	EndGlobalSection
EndGlobal
